// !$*UTF8*$!
{
	archiveVersion = 1;
	classes = {
	};
	objectVersion = 46;
	objects = {

/* Begin PBXBuildFile section */
		1F5974F21C3B3AFB00CD1D2F /* AppDelegate.swift in Sources */ = {isa = PBXBuildFile; fileRef = 1F5974F11C3B3AFB00CD1D2F /* AppDelegate.swift */; };
		1F5974F71C3B3AFB00CD1D2F /* Main.storyboard in Resources */ = {isa = PBXBuildFile; fileRef = 1F5974F51C3B3AFB00CD1D2F /* Main.storyboard */; };
		1F5974F91C3B3AFB00CD1D2F /* Assets.xcassets in Resources */ = {isa = PBXBuildFile; fileRef = 1F5974F81C3B3AFB00CD1D2F /* Assets.xcassets */; };
		1F5974FC1C3B3AFB00CD1D2F /* LaunchScreen.storyboard in Resources */ = {isa = PBXBuildFile; fileRef = 1F5974FA1C3B3AFB00CD1D2F /* LaunchScreen.storyboard */; };
		1F5975041C3B3E1800CD1D2F /* InventoryViewController.swift in Sources */ = {isa = PBXBuildFile; fileRef = 1F5975031C3B3E1800CD1D2F /* InventoryViewController.swift */; };
		1F5975061C3B3E2A00CD1D2F /* RecipesViewController.swift in Sources */ = {isa = PBXBuildFile; fileRef = 1F5975051C3B3E2A00CD1D2F /* RecipesViewController.swift */; };
		1F5975081C3B3E3D00CD1D2F /* RecipeDirectionsViewController.swift in Sources */ = {isa = PBXBuildFile; fileRef = 1F5975071C3B3E3D00CD1D2F /* RecipeDirectionsViewController.swift */; };
		1F59750A1C3B3E5900CD1D2F /* AddIngredientViewController.swift in Sources */ = {isa = PBXBuildFile; fileRef = 1F5975091C3B3E5900CD1D2F /* AddIngredientViewController.swift */; };
		1F5A497D1C3D955600EAE099 /* JSONController.swift in Sources */ = {isa = PBXBuildFile; fileRef = 1F5A497C1C3D955600EAE099 /* JSONController.swift */; };
		1F5A49841C3DBA6F00EAE099 /* ingredients.json in Resources */ = {isa = PBXBuildFile; fileRef = 1F5A49831C3DBA6F00EAE099 /* ingredients.json */; };
		1F99C5741C3D889E00C9FC44 /* drinkList.json in Resources */ = {isa = PBXBuildFile; fileRef = 1F99C5731C3D889E00C9FC44 /* drinkList.json */; };
		1FAF6EEA1C40270400FE9002 /* recipes.json in Resources */ = {isa = PBXBuildFile; fileRef = 1FAF6EE91C40270400FE9002 /* recipes.json */; };
		1FAF6EEC1C4055B900FE9002 /* IngredientTableViewCell.swift in Sources */ = {isa = PBXBuildFile; fileRef = 1FAF6EEB1C4055B900FE9002 /* IngredientTableViewCell.swift */; };
		54509D4F1C3C5A4800EFCBFC /* Ingredient.swift in Sources */ = {isa = PBXBuildFile; fileRef = 54509D4E1C3C5A4800EFCBFC /* Ingredient.swift */; };
		54509D511C3C5CB600EFCBFC /* Recipe.swift in Sources */ = {isa = PBXBuildFile; fileRef = 54509D501C3C5CB600EFCBFC /* Recipe.swift */; };
		54509D5A1C3DB0D800EFCBFC /* RecipeController.swift in Sources */ = {isa = PBXBuildFile; fileRef = 54509D591C3DB0D800EFCBFC /* RecipeController.swift */; };
		548046671C404187004589C8 /* catingredients.json in Resources */ = {isa = PBXBuildFile; fileRef = 548046661C404187004589C8 /* catingredients.json */; };
		83977F811C3F0287006AC3B9 /* AppearanceController.swift in Sources */ = {isa = PBXBuildFile; fileRef = 83977F801C3F0287006AC3B9 /* AppearanceController.swift */; };
		83A3EC411C3D814900D1E03E /* IngredientController.swift in Sources */ = {isa = PBXBuildFile; fileRef = 83A3EC401C3D814900D1E03E /* IngredientController.swift */; };
/* End PBXBuildFile section */

/* Begin PBXFileReference section */
		1F5974EE1C3B3AFB00CD1D2F /* myBar.app */ = {isa = PBXFileReference; explicitFileType = wrapper.application; includeInIndex = 0; path = myBar.app; sourceTree = BUILT_PRODUCTS_DIR; };
		1F5974F11C3B3AFB00CD1D2F /* AppDelegate.swift */ = {isa = PBXFileReference; lastKnownFileType = sourcecode.swift; path = AppDelegate.swift; sourceTree = "<group>"; };
		1F5974F61C3B3AFB00CD1D2F /* Base */ = {isa = PBXFileReference; lastKnownFileType = file.storyboard; name = Base; path = Base.lproj/Main.storyboard; sourceTree = "<group>"; };
		1F5974F81C3B3AFB00CD1D2F /* Assets.xcassets */ = {isa = PBXFileReference; lastKnownFileType = folder.assetcatalog; path = Assets.xcassets; sourceTree = "<group>"; };
		1F5974FB1C3B3AFB00CD1D2F /* Base */ = {isa = PBXFileReference; lastKnownFileType = file.storyboard; name = Base; path = Base.lproj/LaunchScreen.storyboard; sourceTree = "<group>"; };
		1F5974FD1C3B3AFB00CD1D2F /* Info.plist */ = {isa = PBXFileReference; lastKnownFileType = text.plist.xml; path = Info.plist; sourceTree = "<group>"; };
		1F5975031C3B3E1800CD1D2F /* InventoryViewController.swift */ = {isa = PBXFileReference; fileEncoding = 4; lastKnownFileType = sourcecode.swift; name = InventoryViewController.swift; path = ../InventoryViewController.swift; sourceTree = "<group>"; };
		1F5975051C3B3E2A00CD1D2F /* RecipesViewController.swift */ = {isa = PBXFileReference; fileEncoding = 4; lastKnownFileType = sourcecode.swift; name = RecipesViewController.swift; path = ../RecipesViewController.swift; sourceTree = "<group>"; };
		1F5975071C3B3E3D00CD1D2F /* RecipeDirectionsViewController.swift */ = {isa = PBXFileReference; fileEncoding = 4; lastKnownFileType = sourcecode.swift; name = RecipeDirectionsViewController.swift; path = ../RecipeDirectionsViewController.swift; sourceTree = "<group>"; };
		1F5975091C3B3E5900CD1D2F /* AddIngredientViewController.swift */ = {isa = PBXFileReference; fileEncoding = 4; lastKnownFileType = sourcecode.swift; name = AddIngredientViewController.swift; path = ../AddIngredientViewController.swift; sourceTree = "<group>"; };
		1F5A497C1C3D955600EAE099 /* JSONController.swift */ = {isa = PBXFileReference; fileEncoding = 4; lastKnownFileType = sourcecode.swift; path = JSONController.swift; sourceTree = "<group>"; };
		1F5A49831C3DBA6F00EAE099 /* ingredients.json */ = {isa = PBXFileReference; fileEncoding = 4; lastKnownFileType = text.json; path = ingredients.json; sourceTree = "<group>"; };
		1F99C5731C3D889E00C9FC44 /* drinkList.json */ = {isa = PBXFileReference; fileEncoding = 4; lastKnownFileType = text.json; path = drinkList.json; sourceTree = "<group>"; };
		1FAF6EE91C40270400FE9002 /* recipes.json */ = {isa = PBXFileReference; fileEncoding = 4; lastKnownFileType = text.json; path = recipes.json; sourceTree = "<group>"; };
		1FAF6EEB1C4055B900FE9002 /* IngredientTableViewCell.swift */ = {isa = PBXFileReference; fileEncoding = 4; lastKnownFileType = sourcecode.swift; path = IngredientTableViewCell.swift; sourceTree = "<group>"; };
		54509D4E1C3C5A4800EFCBFC /* Ingredient.swift */ = {isa = PBXFileReference; fileEncoding = 4; lastKnownFileType = sourcecode.swift; path = Ingredient.swift; sourceTree = "<group>"; };
		54509D501C3C5CB600EFCBFC /* Recipe.swift */ = {isa = PBXFileReference; fileEncoding = 4; lastKnownFileType = sourcecode.swift; path = Recipe.swift; sourceTree = "<group>"; };
		54509D591C3DB0D800EFCBFC /* RecipeController.swift */ = {isa = PBXFileReference; fileEncoding = 4; lastKnownFileType = sourcecode.swift; name = RecipeController.swift; path = myBar/RecipeController.swift; sourceTree = "<group>"; };
		548046661C404187004589C8 /* catingredients.json */ = {isa = PBXFileReference; fileEncoding = 4; lastKnownFileType = text.json; path = catingredients.json; sourceTree = "<group>"; };
		83977F801C3F0287006AC3B9 /* AppearanceController.swift */ = {isa = PBXFileReference; fileEncoding = 4; lastKnownFileType = sourcecode.swift; path = AppearanceController.swift; sourceTree = "<group>"; };
		83A3EC401C3D814900D1E03E /* IngredientController.swift */ = {isa = PBXFileReference; fileEncoding = 4; lastKnownFileType = sourcecode.swift; path = IngredientController.swift; sourceTree = "<group>"; };
/* End PBXFileReference section */

/* Begin PBXFrameworksBuildPhase section */
		1F5974EB1C3B3AFB00CD1D2F /* Frameworks */ = {
			isa = PBXFrameworksBuildPhase;
			buildActionMask = 2147483647;
			files = (
			);
			runOnlyForDeploymentPostprocessing = 0;
		};
/* End PBXFrameworksBuildPhase section */

/* Begin PBXGroup section */
		1F5974E51C3B3AFB00CD1D2F = {
			isa = PBXGroup;
			children = (
				1F5A49821C3DAAB400EAE099 /* Controllers */,
				1F5A49811C3DA94F00EAE099 /* Views */,
				1F5A49801C3DA8EE00EAE099 /* JSON */,
				54509D521C3C5E8800EFCBFC /* Models */,
				1F5974F01C3B3AFB00CD1D2F /* myBar */,
				1F5974EF1C3B3AFB00CD1D2F /* Products */,
			);
			sourceTree = "<group>";
		};
		1F5974EF1C3B3AFB00CD1D2F /* Products */ = {
			isa = PBXGroup;
			children = (
				1F5974EE1C3B3AFB00CD1D2F /* myBar.app */,
			);
			name = Products;
			sourceTree = "<group>";
		};
		1F5974F01C3B3AFB00CD1D2F /* myBar */ = {
			isa = PBXGroup;
			children = (
				1F5974F11C3B3AFB00CD1D2F /* AppDelegate.swift */,
				1F5974F51C3B3AFB00CD1D2F /* Main.storyboard */,
				1F5974F81C3B3AFB00CD1D2F /* Assets.xcassets */,
				1F5974FA1C3B3AFB00CD1D2F /* LaunchScreen.storyboard */,
				1F5974FD1C3B3AFB00CD1D2F /* Info.plist */,
			);
			path = myBar;
			sourceTree = "<group>";
		};
		1F5A49801C3DA8EE00EAE099 /* JSON */ = {
			isa = PBXGroup;
			children = (
				1F5A49831C3DBA6F00EAE099 /* ingredients.json */,
				1FAF6EE91C40270400FE9002 /* recipes.json */,
				1F99C5731C3D889E00C9FC44 /* drinkList.json */,
				548046661C404187004589C8 /* catingredients.json */,
			);
			name = JSON;
			path = myBar;
			sourceTree = "<group>";
		};
		1F5A49811C3DA94F00EAE099 /* Views */ = {
			isa = PBXGroup;
			children = (
				1F5975031C3B3E1800CD1D2F /* InventoryViewController.swift */,
				1F5975051C3B3E2A00CD1D2F /* RecipesViewController.swift */,
				1F5975071C3B3E3D00CD1D2F /* RecipeDirectionsViewController.swift */,
				1F5975091C3B3E5900CD1D2F /* AddIngredientViewController.swift */,
				1FAF6EEB1C4055B900FE9002 /* IngredientTableViewCell.swift */,
			);
			name = Views;
			path = myBar;
			sourceTree = "<group>";
		};
		1F5A49821C3DAAB400EAE099 /* Controllers */ = {
			isa = PBXGroup;
			children = (
				83977F801C3F0287006AC3B9 /* AppearanceController.swift */,
				54509D591C3DB0D800EFCBFC /* RecipeController.swift */,
				1F5A497C1C3D955600EAE099 /* JSONController.swift */,
				83A3EC401C3D814900D1E03E /* IngredientController.swift */,
			);
			name = Controllers;
			sourceTree = "<group>";
		};
		54509D521C3C5E8800EFCBFC /* Models */ = {
			isa = PBXGroup;
			children = (
				54509D4E1C3C5A4800EFCBFC /* Ingredient.swift */,
				54509D501C3C5CB600EFCBFC /* Recipe.swift */,
			);
			name = Models;
			path = myBar;
			sourceTree = "<group>";
		};
/* End PBXGroup section */

/* Begin PBXNativeTarget section */
		1F5974ED1C3B3AFB00CD1D2F /* myBar */ = {
			isa = PBXNativeTarget;
			buildConfigurationList = 1F5975001C3B3AFB00CD1D2F /* Build configuration list for PBXNativeTarget "myBar" */;
			buildPhases = (
				1F5974EA1C3B3AFB00CD1D2F /* Sources */,
				1F5974EB1C3B3AFB00CD1D2F /* Frameworks */,
				1F5974EC1C3B3AFB00CD1D2F /* Resources */,
			);
			buildRules = (
			);
			dependencies = (
			);
			name = myBar;
			productName = myBar;
			productReference = 1F5974EE1C3B3AFB00CD1D2F /* myBar.app */;
			productType = "com.apple.product-type.application";
		};
/* End PBXNativeTarget section */

/* Begin PBXProject section */
		1F5974E61C3B3AFB00CD1D2F /* Project object */ = {
			isa = PBXProject;
			attributes = {
				LastSwiftUpdateCheck = 0720;
				LastUpgradeCheck = 0720;
				ORGANIZATIONNAME = JustWilks;
				TargetAttributes = {
					1F5974ED1C3B3AFB00CD1D2F = {
						CreatedOnToolsVersion = 7.2;
					};
				};
			};
			buildConfigurationList = 1F5974E91C3B3AFB00CD1D2F /* Build configuration list for PBXProject "myBar" */;
			compatibilityVersion = "Xcode 3.2";
			developmentRegion = English;
			hasScannedForEncodings = 0;
			knownRegions = (
				en,
				Base,
			);
			mainGroup = 1F5974E51C3B3AFB00CD1D2F;
			productRefGroup = 1F5974EF1C3B3AFB00CD1D2F /* Products */;
			projectDirPath = "";
			projectRoot = "";
			targets = (
				1F5974ED1C3B3AFB00CD1D2F /* myBar */,
			);
		};
/* End PBXProject section */

/* Begin PBXResourcesBuildPhase section */
		1F5974EC1C3B3AFB00CD1D2F /* Resources */ = {
			isa = PBXResourcesBuildPhase;
			buildActionMask = 2147483647;
			files = (
				1F5974FC1C3B3AFB00CD1D2F /* LaunchScreen.storyboard in Resources */,
				548046671C404187004589C8 /* catingredients.json in Resources */,
				1FAF6EEA1C40270400FE9002 /* recipes.json in Resources */,
				1F5974F91C3B3AFB00CD1D2F /* Assets.xcassets in Resources */,
				1F99C5741C3D889E00C9FC44 /* drinkList.json in Resources */,
				1F5A49841C3DBA6F00EAE099 /* ingredients.json in Resources */,
				1F5974F71C3B3AFB00CD1D2F /* Main.storyboard in Resources */,
			);
			runOnlyForDeploymentPostprocessing = 0;
		};
/* End PBXResourcesBuildPhase section */

/* Begin PBXSourcesBuildPhase section */
		1F5974EA1C3B3AFB00CD1D2F /* Sources */ = {
			isa = PBXSourcesBuildPhase;
			buildActionMask = 2147483647;
			files = (
				1F5974F21C3B3AFB00CD1D2F /* AppDelegate.swift in Sources */,
				1F5A497D1C3D955600EAE099 /* JSONController.swift in Sources */,
				1F59750A1C3B3E5900CD1D2F /* AddIngredientViewController.swift in Sources */,
				54509D5A1C3DB0D800EFCBFC /* RecipeController.swift in Sources */,
				83A3EC411C3D814900D1E03E /* IngredientController.swift in Sources */,
				54509D511C3C5CB600EFCBFC /* Recipe.swift in Sources */,
				54509D4F1C3C5A4800EFCBFC /* Ingredient.swift in Sources */,
				1F5975061C3B3E2A00CD1D2F /* RecipesViewController.swift in Sources */,
				1FAF6EEC1C4055B900FE9002 /* IngredientTableViewCell.swift in Sources */,
				83977F811C3F0287006AC3B9 /* AppearanceController.swift in Sources */,
				1F5975081C3B3E3D00CD1D2F /* RecipeDirectionsViewController.swift in Sources */,
				1F5975041C3B3E1800CD1D2F /* InventoryViewController.swift in Sources */,
			);
			runOnlyForDeploymentPostprocessing = 0;
		};
/* End PBXSourcesBuildPhase section */

/* Begin PBXVariantGroup section */
		1F5974F51C3B3AFB00CD1D2F /* Main.storyboard */ = {
			isa = PBXVariantGroup;
			children = (
				1F5974F61C3B3AFB00CD1D2F /* Base */,
			);
			name = Main.storyboard;
			sourceTree = "<group>";
		};
		1F5974FA1C3B3AFB00CD1D2F /* LaunchScreen.storyboard */ = {
			isa = PBXVariantGroup;
			children = (
				1F5974FB1C3B3AFB00CD1D2F /* Base */,
			);
			name = LaunchScreen.storyboard;
			sourceTree = "<group>";
		};
/* End PBXVariantGroup section */

/* Begin XCBuildConfiguration section */
		1F5974FE1C3B3AFB00CD1D2F /* Debug */ = {
			isa = XCBuildConfiguration;
			buildSettings = {
				ALWAYS_SEARCH_USER_PATHS = NO;
				CLANG_CXX_LANGUAGE_STANDARD = "gnu++0x";
				CLANG_CXX_LIBRARY = "libc++";
				CLANG_ENABLE_MODULES = YES;
				CLANG_ENABLE_OBJC_ARC = YES;
				CLANG_WARN_BOOL_CONVERSION = YES;
				CLANG_WARN_CONSTANT_CONVERSION = YES;
				CLANG_WARN_DIRECT_OBJC_ISA_USAGE = YES_ERROR;
				CLANG_WARN_EMPTY_BODY = YES;
				CLANG_WARN_ENUM_CONVERSION = YES;
				CLANG_WARN_INT_CONVERSION = YES;
				CLANG_WARN_OBJC_ROOT_CLASS = YES_ERROR;
				CLANG_WARN_UNREACHABLE_CODE = YES;
				CLANG_WARN__DUPLICATE_METHOD_MATCH = YES;
				"CODE_SIGN_IDENTITY[sdk=iphoneos*]" = "iPhone Developer";
				COPY_PHASE_STRIP = NO;
				DEBUG_INFORMATION_FORMAT = dwarf;
				ENABLE_STRICT_OBJC_MSGSEND = YES;
				ENABLE_TESTABILITY = YES;
				GCC_C_LANGUAGE_STANDARD = gnu99;
				GCC_DYNAMIC_NO_PIC = NO;
				GCC_NO_COMMON_BLOCKS = YES;
				GCC_OPTIMIZATION_LEVEL = 0;
				GCC_PREPROCESSOR_DEFINITIONS = (
					"DEBUG=1",
					"$(inherited)",
				);
				GCC_WARN_64_TO_32_BIT_CONVERSION = YES;
				GCC_WARN_ABOUT_RETURN_TYPE = YES_ERROR;
				GCC_WARN_UNDECLARED_SELECTOR = YES;
				GCC_WARN_UNINITIALIZED_AUTOS = YES_AGGRESSIVE;
				GCC_WARN_UNUSED_FUNCTION = YES;
				GCC_WARN_UNUSED_VARIABLE = YES;
				IPHONEOS_DEPLOYMENT_TARGET = 9.2;
				MTL_ENABLE_DEBUG_INFO = YES;
				ONLY_ACTIVE_ARCH = YES;
				SDKROOT = iphoneos;
				SWIFT_OPTIMIZATION_LEVEL = "-Onone";
			};
			name = Debug;
		};
		1F5974FF1C3B3AFB00CD1D2F /* Release */ = {
			isa = XCBuildConfiguration;
			buildSettings = {
				ALWAYS_SEARCH_USER_PATHS = NO;
				CLANG_CXX_LANGUAGE_STANDARD = "gnu++0x";
				CLANG_CXX_LIBRARY = "libc++";
				CLANG_ENABLE_MODULES = YES;
				CLANG_ENABLE_OBJC_ARC = YES;
				CLANG_WARN_BOOL_CONVERSION = YES;
				CLANG_WARN_CONSTANT_CONVERSION = YES;
				CLANG_WARN_DIRECT_OBJC_ISA_USAGE = YES_ERROR;
				CLANG_WARN_EMPTY_BODY = YES;
				CLANG_WARN_ENUM_CONVERSION = YES;
				CLANG_WARN_INT_CONVERSION = YES;
				CLANG_WARN_OBJC_ROOT_CLASS = YES_ERROR;
				CLANG_WARN_UNREACHABLE_CODE = YES;
				CLANG_WARN__DUPLICATE_METHOD_MATCH = YES;
				"CODE_SIGN_IDENTITY[sdk=iphoneos*]" = "iPhone Developer";
				COPY_PHASE_STRIP = NO;
				DEBUG_INFORMATION_FORMAT = "dwarf-with-dsym";
				ENABLE_NS_ASSERTIONS = NO;
				ENABLE_STRICT_OBJC_MSGSEND = YES;
				GCC_C_LANGUAGE_STANDARD = gnu99;
				GCC_NO_COMMON_BLOCKS = YES;
				GCC_WARN_64_TO_32_BIT_CONVERSION = YES;
				GCC_WARN_ABOUT_RETURN_TYPE = YES_ERROR;
				GCC_WARN_UNDECLARED_SELECTOR = YES;
				GCC_WARN_UNINITIALIZED_AUTOS = YES_AGGRESSIVE;
				GCC_WARN_UNUSED_FUNCTION = YES;
				GCC_WARN_UNUSED_VARIABLE = YES;
				IPHONEOS_DEPLOYMENT_TARGET = 9.2;
				MTL_ENABLE_DEBUG_INFO = NO;
				SDKROOT = iphoneos;
				VALIDATE_PRODUCT = YES;
			};
			name = Release;
		};
		1F5975011C3B3AFB00CD1D2F /* Debug */ = {
			isa = XCBuildConfiguration;
			buildSettings = {
				ASSETCATALOG_COMPILER_APPICON_NAME = AppIcon;
				INFOPLIST_FILE = myBar/Info.plist;
				LD_RUNPATH_SEARCH_PATHS = "$(inherited) @executable_path/Frameworks";
				PRODUCT_BUNDLE_IDENTIFIER = com.justwilks.myBar;
				PRODUCT_NAME = "$(TARGET_NAME)";
			};
			name = Debug;
		};
		1F5975021C3B3AFB00CD1D2F /* Release */ = {
			isa = XCBuildConfiguration;
			buildSettings = {
				ASSETCATALOG_COMPILER_APPICON_NAME = AppIcon;
				INFOPLIST_FILE = myBar/Info.plist;
				LD_RUNPATH_SEARCH_PATHS = "$(inherited) @executable_path/Frameworks";
				PRODUCT_BUNDLE_IDENTIFIER = com.justwilks.myBar;
				PRODUCT_NAME = "$(TARGET_NAME)";
			};
			name = Release;
		};
/* End XCBuildConfiguration section */

/* Begin XCConfigurationList section */
		1F5974E91C3B3AFB00CD1D2F /* Build configuration list for PBXProject "myBar" */ = {
			isa = XCConfigurationList;
			buildConfigurations = (
				1F5974FE1C3B3AFB00CD1D2F /* Debug */,
				1F5974FF1C3B3AFB00CD1D2F /* Release */,
			);
			defaultConfigurationIsVisible = 0;
			defaultConfigurationName = Release;
		};
		1F5975001C3B3AFB00CD1D2F /* Build configuration list for PBXNativeTarget "myBar" */ = {
			isa = XCConfigurationList;
			buildConfigurations = (
				1F5975011C3B3AFB00CD1D2F /* Debug */,
				1F5975021C3B3AFB00CD1D2F /* Release */,
			);
			defaultConfigurationIsVisible = 0;
			defaultConfigurationName = Release;
		};
/* End XCConfigurationList section */
	};
	rootObject = 1F5974E61C3B3AFB00CD1D2F /* Project object */;
}
